
Microsoft Visual Studio Solution File, Format Version 12.00
# Visual Studio 2013
VisualStudioVersion = 12.0.21005.1
MinimumVisualStudioVersion = 10.0.40219.1
Project("{FAE04EC0-301F-11D3-BF4B-00C04F79EFBC}") = "016_SetFont", "SetFont\016_SetFont.csproj", "{DD9DA0E4-F664-4D8A-BE96-3A87B25CF6B2}"
EndProject
Project("{FAE04EC0-301F-11D3-BF4B-00C04F79EFBC}") = "017_LayoutForm", "LayoutForm\017_LayoutForm.csproj", "{8543C8D0-4C90-4432-B16D-ACFD9010BB4B}"
EndProject
Project("{FAE04EC0-301F-11D3-BF4B-00C04F79EFBC}") = "020_AddDLL", "AddDLL\020_AddDLL.csproj", "{2B8A56B9-71B6-4D85-BF97-6FD227B318CC}"
EndProject
Project("{FAE04EC0-301F-11D3-BF4B-00C04F79EFBC}") = "021_AddClass", "AddClass\021_AddClass.csproj", "{072B2035-8832-4674-9A1F-046B63289E51}"
EndProject
Project("{FAE04EC0-301F-11D3-BF4B-00C04F79EFBC}") = "022_Add3Control", "Add3Control\022_Add3Control.csproj", "{F6E135E5-4E92-40AB-9FDD-6C9FA82C3261}"
EndProject
Project("{FAE04EC0-301F-11D3-BF4B-00C04F79EFBC}") = "019_Calculator", "Calculator\019_Calculator.csproj", "{38EF52FD-DFD8-4C4A-9073-E6CD43AA9E5C}"
EndProject
Project("{FAE04EC0-301F-11D3-BF4B-00C04F79EFBC}") = "018_IfThenElse", "IfThenElse\018_IfThenElse.csproj", "{94B71DCA-B34D-4DDE-B323-827DD473045F}"
EndProject
Project("{FAE04EC0-301F-11D3-BF4B-00C04F79EFBC}") = "023_Checked", "Checked\023_Checked.csproj", "{8C8B4A94-A7C1-453F-BE66-DD88A763B07B}"
EndProject
Project("{FAE04EC0-301F-11D3-BF4B-00C04F79EFBC}") = "015_TypeOf", "TypeOf\015_TypeOf.csproj", "{61EB305E-8682-44A6-B4C8-21FE70F413ED}"
EndProject
Project("{FAE04EC0-301F-11D3-BF4B-00C04F79EFBC}") = "024_Using", "Using_24\024_Using.csproj", "{62268E64-F3B4-410D-AC20-34170E7922AF}"
EndProject
Project("{FAE04EC0-301F-11D3-BF4B-00C04F79EFBC}") = "025_Is", "Is_025\025_Is.csproj", "{37F4277B-2634-4BFA-9234-D3C780A88DDA}"
EndProject
Project("{FAE04EC0-301F-11D3-BF4B-00C04F79EFBC}") = "026_AS", "AS_26\026_AS.csproj", "{A80A9314-0064-4AD1-8762-F65E488C53D9}"
EndProject
Project("{FAE04EC0-301F-11D3-BF4B-00C04F79EFBC}") = "029_032_GetSeason", "GetSeason_29\029_032_GetSeason.csproj", "{5CB8239A-F603-4F41-9506-B5FEC1EA5436}"
EndProject
Project("{FAE04EC0-301F-11D3-BF4B-00C04F79EFBC}") = "033_GuessNumberGame", "030_GuessNumberGame\033_GuessNumberGame.csproj", "{D33FAE91-EDC3-4B88-A51E-D014DF742CE3}"
EndProject
Project("{FAE04EC0-301F-11D3-BF4B-00C04F79EFBC}") = "034_37_Goto_Upper_Lower", "034_Goto\034_37_Goto_Upper_Lower.csproj", "{53FB2911-6ADC-4856-BE36-2C3AC2985A6F}"
EndProject
Project("{FAE04EC0-301F-11D3-BF4B-00C04F79EFBC}") = "038_PinYin", "038_PinYin\038_PinYin.csproj", "{867D2732-E8AB-44AA-8294-D60A16DC3048}"
EndProject
Global
	GlobalSection(SolutionConfigurationPlatforms) = preSolution
		Debug|Any CPU = Debug|Any CPU
		Release|Any CPU = Release|Any CPU
	EndGlobalSection
	GlobalSection(ProjectConfigurationPlatforms) = postSolution
		{DD9DA0E4-F664-4D8A-BE96-3A87B25CF6B2}.Debug|Any CPU.ActiveCfg = Debug|Any CPU
		{DD9DA0E4-F664-4D8A-BE96-3A87B25CF6B2}.Debug|Any CPU.Build.0 = Debug|Any CPU
		{DD9DA0E4-F664-4D8A-BE96-3A87B25CF6B2}.Release|Any CPU.ActiveCfg = Release|Any CPU
		{DD9DA0E4-F664-4D8A-BE96-3A87B25CF6B2}.Release|Any CPU.Build.0 = Release|Any CPU
		{8543C8D0-4C90-4432-B16D-ACFD9010BB4B}.Debug|Any CPU.ActiveCfg = Debug|Any CPU
		{8543C8D0-4C90-4432-B16D-ACFD9010BB4B}.Debug|Any CPU.Build.0 = Debug|Any CPU
		{8543C8D0-4C90-4432-B16D-ACFD9010BB4B}.Release|Any CPU.ActiveCfg = Release|Any CPU
		{8543C8D0-4C90-4432-B16D-ACFD9010BB4B}.Release|Any CPU.Build.0 = Release|Any CPU
		{2B8A56B9-71B6-4D85-BF97-6FD227B318CC}.Debug|Any CPU.ActiveCfg = Debug|Any CPU
		{2B8A56B9-71B6-4D85-BF97-6FD227B318CC}.Debug|Any CPU.Build.0 = Debug|Any CPU
		{2B8A56B9-71B6-4D85-BF97-6FD227B318CC}.Release|Any CPU.ActiveCfg = Release|Any CPU
		{2B8A56B9-71B6-4D85-BF97-6FD227B318CC}.Release|Any CPU.Build.0 = Release|Any CPU
		{072B2035-8832-4674-9A1F-046B63289E51}.Debug|Any CPU.ActiveCfg = Debug|Any CPU
		{072B2035-8832-4674-9A1F-046B63289E51}.Debug|Any CPU.Build.0 = Debug|Any CPU
		{072B2035-8832-4674-9A1F-046B63289E51}.Release|Any CPU.ActiveCfg = Release|Any CPU
		{072B2035-8832-4674-9A1F-046B63289E51}.Release|Any CPU.Build.0 = Release|Any CPU
		{F6E135E5-4E92-40AB-9FDD-6C9FA82C3261}.Debug|Any CPU.ActiveCfg = Debug|Any CPU
		{F6E135E5-4E92-40AB-9FDD-6C9FA82C3261}.Debug|Any CPU.Build.0 = Debug|Any CPU
		{F6E135E5-4E92-40AB-9FDD-6C9FA82C3261}.Release|Any CPU.ActiveCfg = Release|Any CPU
		{F6E135E5-4E92-40AB-9FDD-6C9FA82C3261}.Release|Any CPU.Build.0 = Release|Any CPU
		{38EF52FD-DFD8-4C4A-9073-E6CD43AA9E5C}.Debug|Any CPU.ActiveCfg = Debug|Any CPU
		{38EF52FD-DFD8-4C4A-9073-E6CD43AA9E5C}.Debug|Any CPU.Build.0 = Debug|Any CPU
		{38EF52FD-DFD8-4C4A-9073-E6CD43AA9E5C}.Release|Any CPU.ActiveCfg = Release|Any CPU
		{38EF52FD-DFD8-4C4A-9073-E6CD43AA9E5C}.Release|Any CPU.Build.0 = Release|Any CPU
		{94B71DCA-B34D-4DDE-B323-827DD473045F}.Debug|Any CPU.ActiveCfg = Debug|Any CPU
		{94B71DCA-B34D-4DDE-B323-827DD473045F}.Debug|Any CPU.Build.0 = Debug|Any CPU
		{94B71DCA-B34D-4DDE-B323-827DD473045F}.Release|Any CPU.ActiveCfg = Release|Any CPU
		{94B71DCA-B34D-4DDE-B323-827DD473045F}.Release|Any CPU.Build.0 = Release|Any CPU
		{8C8B4A94-A7C1-453F-BE66-DD88A763B07B}.Debug|Any CPU.ActiveCfg = Debug|Any CPU
		{8C8B4A94-A7C1-453F-BE66-DD88A763B07B}.Debug|Any CPU.Build.0 = Debug|Any CPU
		{8C8B4A94-A7C1-453F-BE66-DD88A763B07B}.Release|Any CPU.ActiveCfg = Release|Any CPU
		{8C8B4A94-A7C1-453F-BE66-DD88A763B07B}.Release|Any CPU.Build.0 = Release|Any CPU
		{61EB305E-8682-44A6-B4C8-21FE70F413ED}.Debug|Any CPU.ActiveCfg = Debug|Any CPU
		{61EB305E-8682-44A6-B4C8-21FE70F413ED}.Debug|Any CPU.Build.0 = Debug|Any CPU
		{61EB305E-8682-44A6-B4C8-21FE70F413ED}.Release|Any CPU.ActiveCfg = Release|Any CPU
		{61EB305E-8682-44A6-B4C8-21FE70F413ED}.Release|Any CPU.Build.0 = Release|Any CPU
		{62268E64-F3B4-410D-AC20-34170E7922AF}.Debug|Any CPU.ActiveCfg = Debug|Any CPU
		{62268E64-F3B4-410D-AC20-34170E7922AF}.Debug|Any CPU.Build.0 = Debug|Any CPU
		{62268E64-F3B4-410D-AC20-34170E7922AF}.Release|Any CPU.ActiveCfg = Release|Any CPU
		{62268E64-F3B4-410D-AC20-34170E7922AF}.Release|Any CPU.Build.0 = Release|Any CPU
		{37F4277B-2634-4BFA-9234-D3C780A88DDA}.Debug|Any CPU.ActiveCfg = Debug|Any CPU
		{37F4277B-2634-4BFA-9234-D3C780A88DDA}.Debug|Any CPU.Build.0 = Debug|Any CPU
		{37F4277B-2634-4BFA-9234-D3C780A88DDA}.Release|Any CPU.ActiveCfg = Release|Any CPU
		{37F4277B-2634-4BFA-9234-D3C780A88DDA}.Release|Any CPU.Build.0 = Release|Any CPU
		{A80A9314-0064-4AD1-8762-F65E488C53D9}.Debug|Any CPU.ActiveCfg = Debug|Any CPU
		{A80A9314-0064-4AD1-8762-F65E488C53D9}.Debug|Any CPU.Build.0 = Debug|Any CPU
		{A80A9314-0064-4AD1-8762-F65E488C53D9}.Release|Any CPU.ActiveCfg = Release|Any CPU
		{A80A9314-0064-4AD1-8762-F65E488C53D9}.Release|Any CPU.Build.0 = Release|Any CPU
		{5CB8239A-F603-4F41-9506-B5FEC1EA5436}.Debug|Any CPU.ActiveCfg = Debug|Any CPU
		{5CB8239A-F603-4F41-9506-B5FEC1EA5436}.Debug|Any CPU.Build.0 = Debug|Any CPU
		{5CB8239A-F603-4F41-9506-B5FEC1EA5436}.Release|Any CPU.ActiveCfg = Release|Any CPU
		{5CB8239A-F603-4F41-9506-B5FEC1EA5436}.Release|Any CPU.Build.0 = Release|Any CPU
		{D33FAE91-EDC3-4B88-A51E-D014DF742CE3}.Debug|Any CPU.ActiveCfg = Debug|Any CPU
		{D33FAE91-EDC3-4B88-A51E-D014DF742CE3}.Debug|Any CPU.Build.0 = Debug|Any CPU
		{D33FAE91-EDC3-4B88-A51E-D014DF742CE3}.Release|Any CPU.ActiveCfg = Release|Any CPU
		{D33FAE91-EDC3-4B88-A51E-D014DF742CE3}.Release|Any CPU.Build.0 = Release|Any CPU
		{53FB2911-6ADC-4856-BE36-2C3AC2985A6F}.Debug|Any CPU.ActiveCfg = Debug|Any CPU
		{53FB2911-6ADC-4856-BE36-2C3AC2985A6F}.Debug|Any CPU.Build.0 = Debug|Any CPU
		{53FB2911-6ADC-4856-BE36-2C3AC2985A6F}.Release|Any CPU.ActiveCfg = Release|Any CPU
		{53FB2911-6ADC-4856-BE36-2C3AC2985A6F}.Release|Any CPU.Build.0 = Release|Any CPU
		{867D2732-E8AB-44AA-8294-D60A16DC3048}.Debug|Any CPU.ActiveCfg = Debug|Any CPU
		{867D2732-E8AB-44AA-8294-D60A16DC3048}.Debug|Any CPU.Build.0 = Debug|Any CPU
		{867D2732-E8AB-44AA-8294-D60A16DC3048}.Release|Any CPU.ActiveCfg = Release|Any CPU
		{867D2732-E8AB-44AA-8294-D60A16DC3048}.Release|Any CPU.Build.0 = Release|Any CPU
	EndGlobalSection
	GlobalSection(SolutionProperties) = preSolution
		HideSolutionNode = FALSE
	EndGlobalSection
EndGlobal
